// !$*UTF8*$!
{
	archiveVersion = 1;
	classes = {
	};
	objectVersion = 46;
	objects = {

/* Begin PBXBuildFile section */
		00E356F31AD99517003FC87E /* samiaidTests.m in Sources */ = {isa = PBXBuildFile; fileRef = 00E356F21AD99517003FC87E /* samiaidTests.m */; };
		13B07FBC1A68108700A75B9A /* AppDelegate.m in Sources */ = {isa = PBXBuildFile; fileRef = 13B07FB01A68108700A75B9A /* AppDelegate.m */; };
		13B07FBF1A68108700A75B9A /* Images.xcassets in Resources */ = {isa = PBXBuildFile; fileRef = 13B07FB51A68108700A75B9A /* Images.xcassets */; };
		13B07FC11A68108700A75B9A /* main.m in Sources */ = {isa = PBXBuildFile; fileRef = 13B07FB71A68108700A75B9A /* main.m */; };
		2D02E4BC1E0B4A80006451C7 /* AppDelegate.m in Sources */ = {isa = PBXBuildFile; fileRef = 13B07FB01A68108700A75B9A /* AppDelegate.m */; };
		2D02E4BD1E0B4A84006451C7 /* Images.xcassets in Resources */ = {isa = PBXBuildFile; fileRef = 13B07FB51A68108700A75B9A /* Images.xcassets */; };
		2D02E4BF1E0B4AB3006451C7 /* main.m in Sources */ = {isa = PBXBuildFile; fileRef = 13B07FB71A68108700A75B9A /* main.m */; };
		2DCD954D1E0B4F2C00145EB5 /* samiaidTests.m in Sources */ = {isa = PBXBuildFile; fileRef = 00E356F21AD99517003FC87E /* samiaidTests.m */; };
		81AB9BB82411601600AC10FF /* LaunchScreen.storyboard in Resources */ = {isa = PBXBuildFile; fileRef = 81AB9BB72411601600AC10FF /* LaunchScreen.storyboard */; };
		2F7A5637A3384562BFAD950B /* OpenSans-Bold.ttf in Resources */ = {isa = PBXBuildFile; fileRef = EB7404AC476D4079BBB30360 /* OpenSans-Bold.ttf */; };
		3CB0FCDDF41E4111A06184B5 /* OpenSans-BoldItalic.ttf in Resources */ = {isa = PBXBuildFile; fileRef = C61E8826259F49F8BC410540 /* OpenSans-BoldItalic.ttf */; };
		78DF593484784DF79C67968E /* OpenSans-ExtraBold.ttf in Resources */ = {isa = PBXBuildFile; fileRef = 47843C1BD18545C0A0E14666 /* OpenSans-ExtraBold.ttf */; };
		18C112F932114FA89A98D691 /* OpenSans-ExtraBoldItalic.ttf in Resources */ = {isa = PBXBuildFile; fileRef = 5304A829DF814DC1A4AA4D15 /* OpenSans-ExtraBoldItalic.ttf */; };
		B1DBE2D4B9F34CFB98AC8B61 /* OpenSans-Italic.ttf in Resources */ = {isa = PBXBuildFile; fileRef = CA526B1683C94A24AFC43311 /* OpenSans-Italic.ttf */; };
		75D7FA37B40848AD99E1F4D7 /* OpenSans-Light.ttf in Resources */ = {isa = PBXBuildFile; fileRef = D09DA517CA114ECEB17F95C4 /* OpenSans-Light.ttf */; };
		890DAA65AE244E9F805F9BDD /* OpenSans-LightItalic.ttf in Resources */ = {isa = PBXBuildFile; fileRef = A1188909406045A38FB4C3FC /* OpenSans-LightItalic.ttf */; };
		30599BB5A4984BFB8D3E1901 /* OpenSans-Regular.ttf in Resources */ = {isa = PBXBuildFile; fileRef = EC8D889F5E9D42C6856982FF /* OpenSans-Regular.ttf */; };
		780EE8891B5B4A199077DF20 /* OpenSans-Semibold.ttf in Resources */ = {isa = PBXBuildFile; fileRef = 7E5E978BEE1548BE87006F8E /* OpenSans-Semibold.ttf */; };
		A748F2B3E75A430588006F94 /* OpenSans-SemiboldItalic.ttf in Resources */ = {isa = PBXBuildFile; fileRef = 1675DEF4633E41E38C7A403E /* OpenSans-SemiboldItalic.ttf */; };
		6B80345E82494E7ABB0712E5 /* AntDesign.ttf in Resources */ = {isa = PBXBuildFile; fileRef = 2B2B379A736246388B4BB02B /* AntDesign.ttf */; };
		C80CBF81FF8F4DEB884D87C7 /* Entypo.ttf in Resources */ = {isa = PBXBuildFile; fileRef = B911C6BF01E7420F94A166C0 /* Entypo.ttf */; };
		460F2F5E6954477C9372438D /* EvilIcons.ttf in Resources */ = {isa = PBXBuildFile; fileRef = E2B2BAAAD4184A818A73CC1F /* EvilIcons.ttf */; };
		479D6697FA2048D1B2CB0A9D /* Feather.ttf in Resources */ = {isa = PBXBuildFile; fileRef = B3D29AEE786B4CA7B507847D /* Feather.ttf */; };
		D23B462064C441C190CED939 /* FontAwesome.ttf in Resources */ = {isa = PBXBuildFile; fileRef = 7F566902358A4F78B6B52A10 /* FontAwesome.ttf */; };
		FC325147FA9C41E48DF19794 /* FontAwesome5_Brands.ttf in Resources */ = {isa = PBXBuildFile; fileRef = 8C59D5D743564B96BB394DFB /* FontAwesome5_Brands.ttf */; };
		DCC733FA4C7B42E3A9FF7172 /* FontAwesome5_Regular.ttf in Resources */ = {isa = PBXBuildFile; fileRef = 792B7DFEED7B4A3BB25489E3 /* FontAwesome5_Regular.ttf */; };
		6C34CB0069F646A3AF6991D2 /* FontAwesome5_Solid.ttf in Resources */ = {isa = PBXBuildFile; fileRef = 28FA49DC5C55419CB7469842 /* FontAwesome5_Solid.ttf */; };
		C65F4068F87C44CF874F2D4C /* Fontisto.ttf in Resources */ = {isa = PBXBuildFile; fileRef = 0BDEFAA016EB4918A1711977 /* Fontisto.ttf */; };
		82150371E3F344279818FEBF /* Foundation.ttf in Resources */ = {isa = PBXBuildFile; fileRef = 7DD3598DBDE846CA8B012DD1 /* Foundation.ttf */; };
		8E9CC9F4D8FA4095B8B17DF2 /* Ionicons.ttf in Resources */ = {isa = PBXBuildFile; fileRef = DCAD0D727F2949B5BFCDE18D /* Ionicons.ttf */; };
		5A8F48F41B3B4FACA6E2D9A9 /* MaterialCommunityIcons.ttf in Resources */ = {isa = PBXBuildFile; fileRef = 4C171CD4F20A4F01A9A2121E /* MaterialCommunityIcons.ttf */; };
		99D9B8C250884503A6A1C7AA /* MaterialIcons.ttf in Resources */ = {isa = PBXBuildFile; fileRef = 560E0F249E51477D8E09F678 /* MaterialIcons.ttf */; };
		397C8C2C3C0C4BDC9CD7339B /* Octicons.ttf in Resources */ = {isa = PBXBuildFile; fileRef = D783F0308BE042E2A4206E87 /* Octicons.ttf */; };
		F1BAB0A161754222B76E3E7C /* SimpleLineIcons.ttf in Resources */ = {isa = PBXBuildFile; fileRef = A1F3702774CA490782197828 /* SimpleLineIcons.ttf */; };
		81BF14531A324BB18F41C04F /* Zocial.ttf in Resources */ = {isa = PBXBuildFile; fileRef = 68FE3E151BF54077A9C1BEB3 /* Zocial.ttf */; };
		A9077744603E4848995AEC3B /* FiraSans-Black.ttf in Resources */ = {isa = PBXBuildFile; fileRef = 5A38B5501FB9429EB9819AB3 /* FiraSans-Black.ttf */; };
		21796324DFB846548AB62531 /* FiraSans-BlackItalic.ttf in Resources */ = {isa = PBXBuildFile; fileRef = 1625010DAF8E448EB7DF8A60 /* FiraSans-BlackItalic.ttf */; };
		22ABE554CC2E4628B043D5DA /* FiraSans-Bold.ttf in Resources */ = {isa = PBXBuildFile; fileRef = F0424145AD124323B79F9DF0 /* FiraSans-Bold.ttf */; };
		3D98AB18170248A3A0BD4CEC /* FiraSans-BoldItalic.ttf in Resources */ = {isa = PBXBuildFile; fileRef = 36A531FAF2504F22A8721F4A /* FiraSans-BoldItalic.ttf */; };
		F40E95E4FCDE468FBA382B85 /* FiraSans-ExtraBold.ttf in Resources */ = {isa = PBXBuildFile; fileRef = 158D5E383A894475A53E26A6 /* FiraSans-ExtraBold.ttf */; };
		6503B880F7884F8D82F40E4B /* FiraSans-ExtraBoldItalic.ttf in Resources */ = {isa = PBXBuildFile; fileRef = E87C8CB286F2405CBBA77BFA /* FiraSans-ExtraBoldItalic.ttf */; };
		0A160900980C4CCD98EE92DC /* FiraSans-ExtraLight.ttf in Resources */ = {isa = PBXBuildFile; fileRef = 1495AE342F5D4AB493D26191 /* FiraSans-ExtraLight.ttf */; };
		170B911188EF456D8C406C75 /* FiraSans-ExtraLightItalic.ttf in Resources */ = {isa = PBXBuildFile; fileRef = 3315B70FE8C8458FBB332C28 /* FiraSans-ExtraLightItalic.ttf */; };
		0D89933C65D840168B667601 /* FiraSans-Italic.ttf in Resources */ = {isa = PBXBuildFile; fileRef = 53523999C962491BAB39C4CD /* FiraSans-Italic.ttf */; };
		93E1E15C19104940B8342E86 /* FiraSans-Light.ttf in Resources */ = {isa = PBXBuildFile; fileRef = 14E0940C826D42B2950F3F18 /* FiraSans-Light.ttf */; };
		585B8D6BA7944351B2DA753B /* FiraSans-LightItalic.ttf in Resources */ = {isa = PBXBuildFile; fileRef = 1CF16C38CD8F4F5A8D1F0BEC /* FiraSans-LightItalic.ttf */; };
		15083C47EAE345E1BCCD996B /* FiraSans-Medium.ttf in Resources */ = {isa = PBXBuildFile; fileRef = 2F0A9B13AD554AB8B24F9210 /* FiraSans-Medium.ttf */; };
		F17848B57C11436BB967775B /* FiraSans-MediumItalic.ttf in Resources */ = {isa = PBXBuildFile; fileRef = 4A6539603D2F4B7D9D065A3A /* FiraSans-MediumItalic.ttf */; };
		C68340CEA63049C1BCE46EC9 /* FiraSans-Regular.ttf in Resources */ = {isa = PBXBuildFile; fileRef = DABDFA5FEBBC4ABF8DABF1E2 /* FiraSans-Regular.ttf */; };
		650CB6A3AF2749C5832F6AA0 /* FiraSans-SemiBold.ttf in Resources */ = {isa = PBXBuildFile; fileRef = D1B6AA58D1DC4DCD85172243 /* FiraSans-SemiBold.ttf */; };
		14E0039EA4374CC296C8DA81 /* FiraSans-SemiBoldItalic.ttf in Resources */ = {isa = PBXBuildFile; fileRef = DB95920C308B4592A138BCDF /* FiraSans-SemiBoldItalic.ttf */; };
		B11D9F6F7FDC449793DEDA7E /* FiraSans-Thin.ttf in Resources */ = {isa = PBXBuildFile; fileRef = 1545110941994EC289EAE15F /* FiraSans-Thin.ttf */; };
		4082EC70B10646C7B277D6EF /* FiraSans-ThinItalic.ttf in Resources */ = {isa = PBXBuildFile; fileRef = F36100CA42284E76BDE997D0 /* FiraSans-ThinItalic.ttf */; };
/* End PBXBuildFile section */

/* Begin PBXContainerItemProxy section */
		00E356F41AD99517003FC87E /* PBXContainerItemProxy */ = {
			isa = PBXContainerItemProxy;
			containerPortal = 83CBB9F71A601CBA00E9B192 /* Project object */;
			proxyType = 1;
			remoteGlobalIDString = 13B07F861A680F5B00A75B9A;
			remoteInfo = samiaid;
		};
		2D02E4911E0B4A5D006451C7 /* PBXContainerItemProxy */ = {
			isa = PBXContainerItemProxy;
			containerPortal = 83CBB9F71A601CBA00E9B192 /* Project object */;
			proxyType = 1;
			remoteGlobalIDString = 2D02E47A1E0B4A5D006451C7;
			remoteInfo = "samiaid-tvOS";
		};
/* End PBXContainerItemProxy section */

/* Begin PBXFileReference section */
		008F07F21AC5B25A0029DE68 /* main.jsbundle */ = {isa = PBXFileReference; fileEncoding = 4; lastKnownFileType = text; path = main.jsbundle; sourceTree = "<group>"; };
		00E356EE1AD99517003FC87E /* samiaidTests.xctest */ = {isa = PBXFileReference; explicitFileType = wrapper.cfbundle; includeInIndex = 0; path = samiaidTests.xctest; sourceTree = BUILT_PRODUCTS_DIR; };
		00E356F11AD99517003FC87E /* Info.plist */ = {isa = PBXFileReference; lastKnownFileType = text.plist.xml; path = Info.plist; sourceTree = "<group>"; };
		00E356F21AD99517003FC87E /* samiaidTests.m */ = {isa = PBXFileReference; lastKnownFileType = sourcecode.c.objc; path = samiaidTests.m; sourceTree = "<group>"; };
		13B07F961A680F5B00A75B9A /* samiaid.app */ = {isa = PBXFileReference; explicitFileType = wrapper.application; includeInIndex = 0; path = samiaid.app; sourceTree = BUILT_PRODUCTS_DIR; };
		13B07FAF1A68108700A75B9A /* AppDelegate.h */ = {isa = PBXFileReference; fileEncoding = 4; lastKnownFileType = sourcecode.c.h; name = AppDelegate.h; path = samiaid/AppDelegate.h; sourceTree = "<group>"; };
		13B07FB01A68108700A75B9A /* AppDelegate.m */ = {isa = PBXFileReference; fileEncoding = 4; lastKnownFileType = sourcecode.c.objc; name = AppDelegate.m; path = samiaid/AppDelegate.m; sourceTree = "<group>"; };
		13B07FB51A68108700A75B9A /* Images.xcassets */ = {isa = PBXFileReference; lastKnownFileType = folder.assetcatalog; name = Images.xcassets; path = samiaid/Images.xcassets; sourceTree = "<group>"; };
		13B07FB61A68108700A75B9A /* Info.plist */ = {isa = PBXFileReference; fileEncoding = 4; lastKnownFileType = text.plist.xml; name = Info.plist; path = samiaid/Info.plist; sourceTree = "<group>"; };
		13B07FB71A68108700A75B9A /* main.m */ = {isa = PBXFileReference; fileEncoding = 4; lastKnownFileType = sourcecode.c.objc; name = main.m; path = samiaid/main.m; sourceTree = "<group>"; };
		2D02E47B1E0B4A5D006451C7 /* samiaid-tvOS.app */ = {isa = PBXFileReference; explicitFileType = wrapper.application; includeInIndex = 0; path = "samiaid-tvOS.app"; sourceTree = BUILT_PRODUCTS_DIR; };
		2D02E4901E0B4A5D006451C7 /* samiaid-tvOSTests.xctest */ = {isa = PBXFileReference; explicitFileType = wrapper.cfbundle; includeInIndex = 0; path = "samiaid-tvOSTests.xctest"; sourceTree = BUILT_PRODUCTS_DIR; };
		81AB9BB72411601600AC10FF /* LaunchScreen.storyboard */ = {isa = PBXFileReference; fileEncoding = 4; lastKnownFileType = file.storyboard; name = LaunchScreen.storyboard; path = samiaid/LaunchScreen.storyboard; sourceTree = "<group>"; };
		ED297162215061F000B7C4FE /* JavaScriptCore.framework */ = {isa = PBXFileReference; lastKnownFileType = wrapper.framework; name = JavaScriptCore.framework; path = System/Library/Frameworks/JavaScriptCore.framework; sourceTree = SDKROOT; };
		ED2971642150620600B7C4FE /* JavaScriptCore.framework */ = {isa = PBXFileReference; lastKnownFileType = wrapper.framework; name = JavaScriptCore.framework; path = Platforms/AppleTVOS.platform/Developer/SDKs/AppleTVOS12.0.sdk/System/Library/Frameworks/JavaScriptCore.framework; sourceTree = DEVELOPER_DIR; };
		EB7404AC476D4079BBB30360 /* OpenSans-Bold.ttf */ = {isa = PBXFileReference; name = "OpenSans-Bold.ttf"; path = "../assets/fonts/OpenSans-Bold.ttf"; sourceTree = "<group>"; fileEncoding = undefined; lastKnownFileType = unknown; explicitFileType = undefined; includeInIndex = 0; };
		C61E8826259F49F8BC410540 /* OpenSans-BoldItalic.ttf */ = {isa = PBXFileReference; name = "OpenSans-BoldItalic.ttf"; path = "../assets/fonts/OpenSans-BoldItalic.ttf"; sourceTree = "<group>"; fileEncoding = undefined; lastKnownFileType = unknown; explicitFileType = undefined; includeInIndex = 0; };
		47843C1BD18545C0A0E14666 /* OpenSans-ExtraBold.ttf */ = {isa = PBXFileReference; name = "OpenSans-ExtraBold.ttf"; path = "../assets/fonts/OpenSans-ExtraBold.ttf"; sourceTree = "<group>"; fileEncoding = undefined; lastKnownFileType = unknown; explicitFileType = undefined; includeInIndex = 0; };
		5304A829DF814DC1A4AA4D15 /* OpenSans-ExtraBoldItalic.ttf */ = {isa = PBXFileReference; name = "OpenSans-ExtraBoldItalic.ttf"; path = "../assets/fonts/OpenSans-ExtraBoldItalic.ttf"; sourceTree = "<group>"; fileEncoding = undefined; lastKnownFileType = unknown; explicitFileType = undefined; includeInIndex = 0; };
		CA526B1683C94A24AFC43311 /* OpenSans-Italic.ttf */ = {isa = PBXFileReference; name = "OpenSans-Italic.ttf"; path = "../assets/fonts/OpenSans-Italic.ttf"; sourceTree = "<group>"; fileEncoding = undefined; lastKnownFileType = unknown; explicitFileType = undefined; includeInIndex = 0; };
		D09DA517CA114ECEB17F95C4 /* OpenSans-Light.ttf */ = {isa = PBXFileReference; name = "OpenSans-Light.ttf"; path = "../assets/fonts/OpenSans-Light.ttf"; sourceTree = "<group>"; fileEncoding = undefined; lastKnownFileType = unknown; explicitFileType = undefined; includeInIndex = 0; };
		A1188909406045A38FB4C3FC /* OpenSans-LightItalic.ttf */ = {isa = PBXFileReference; name = "OpenSans-LightItalic.ttf"; path = "../assets/fonts/OpenSans-LightItalic.ttf"; sourceTree = "<group>"; fileEncoding = undefined; lastKnownFileType = unknown; explicitFileType = undefined; includeInIndex = 0; };
		EC8D889F5E9D42C6856982FF /* OpenSans-Regular.ttf */ = {isa = PBXFileReference; name = "OpenSans-Regular.ttf"; path = "../assets/fonts/OpenSans-Regular.ttf"; sourceTree = "<group>"; fileEncoding = undefined; lastKnownFileType = unknown; explicitFileType = undefined; includeInIndex = 0; };
		7E5E978BEE1548BE87006F8E /* OpenSans-Semibold.ttf */ = {isa = PBXFileReference; name = "OpenSans-Semibold.ttf"; path = "../assets/fonts/OpenSans-Semibold.ttf"; sourceTree = "<group>"; fileEncoding = undefined; lastKnownFileType = unknown; explicitFileType = undefined; includeInIndex = 0; };
		1675DEF4633E41E38C7A403E /* OpenSans-SemiboldItalic.ttf */ = {isa = PBXFileReference; name = "OpenSans-SemiboldItalic.ttf"; path = "../assets/fonts/OpenSans-SemiboldItalic.ttf"; sourceTree = "<group>"; fileEncoding = undefined; lastKnownFileType = unknown; explicitFileType = undefined; includeInIndex = 0; };
		2B2B379A736246388B4BB02B /* AntDesign.ttf */ = {isa = PBXFileReference; name = "AntDesign.ttf"; path = "../node_modules/react-native-vector-icons/Fonts/AntDesign.ttf"; sourceTree = "<group>"; fileEncoding = undefined; lastKnownFileType = unknown; explicitFileType = undefined; includeInIndex = 0; };
		B911C6BF01E7420F94A166C0 /* Entypo.ttf */ = {isa = PBXFileReference; name = "Entypo.ttf"; path = "../node_modules/react-native-vector-icons/Fonts/Entypo.ttf"; sourceTree = "<group>"; fileEncoding = undefined; lastKnownFileType = unknown; explicitFileType = undefined; includeInIndex = 0; };
		E2B2BAAAD4184A818A73CC1F /* EvilIcons.ttf */ = {isa = PBXFileReference; name = "EvilIcons.ttf"; path = "../node_modules/react-native-vector-icons/Fonts/EvilIcons.ttf"; sourceTree = "<group>"; fileEncoding = undefined; lastKnownFileType = unknown; explicitFileType = undefined; includeInIndex = 0; };
		B3D29AEE786B4CA7B507847D /* Feather.ttf */ = {isa = PBXFileReference; name = "Feather.ttf"; path = "../node_modules/react-native-vector-icons/Fonts/Feather.ttf"; sourceTree = "<group>"; fileEncoding = undefined; lastKnownFileType = unknown; explicitFileType = undefined; includeInIndex = 0; };
		7F566902358A4F78B6B52A10 /* FontAwesome.ttf */ = {isa = PBXFileReference; name = "FontAwesome.ttf"; path = "../node_modules/react-native-vector-icons/Fonts/FontAwesome.ttf"; sourceTree = "<group>"; fileEncoding = undefined; lastKnownFileType = unknown; explicitFileType = undefined; includeInIndex = 0; };
		8C59D5D743564B96BB394DFB /* FontAwesome5_Brands.ttf */ = {isa = PBXFileReference; name = "FontAwesome5_Brands.ttf"; path = "../node_modules/react-native-vector-icons/Fonts/FontAwesome5_Brands.ttf"; sourceTree = "<group>"; fileEncoding = undefined; lastKnownFileType = unknown; explicitFileType = undefined; includeInIndex = 0; };
		792B7DFEED7B4A3BB25489E3 /* FontAwesome5_Regular.ttf */ = {isa = PBXFileReference; name = "FontAwesome5_Regular.ttf"; path = "../node_modules/react-native-vector-icons/Fonts/FontAwesome5_Regular.ttf"; sourceTree = "<group>"; fileEncoding = undefined; lastKnownFileType = unknown; explicitFileType = undefined; includeInIndex = 0; };
		28FA49DC5C55419CB7469842 /* FontAwesome5_Solid.ttf */ = {isa = PBXFileReference; name = "FontAwesome5_Solid.ttf"; path = "../node_modules/react-native-vector-icons/Fonts/FontAwesome5_Solid.ttf"; sourceTree = "<group>"; fileEncoding = undefined; lastKnownFileType = unknown; explicitFileType = undefined; includeInIndex = 0; };
		0BDEFAA016EB4918A1711977 /* Fontisto.ttf */ = {isa = PBXFileReference; name = "Fontisto.ttf"; path = "../node_modules/react-native-vector-icons/Fonts/Fontisto.ttf"; sourceTree = "<group>"; fileEncoding = undefined; lastKnownFileType = unknown; explicitFileType = undefined; includeInIndex = 0; };
		7DD3598DBDE846CA8B012DD1 /* Foundation.ttf */ = {isa = PBXFileReference; name = "Foundation.ttf"; path = "../node_modules/react-native-vector-icons/Fonts/Foundation.ttf"; sourceTree = "<group>"; fileEncoding = undefined; lastKnownFileType = unknown; explicitFileType = undefined; includeInIndex = 0; };
		DCAD0D727F2949B5BFCDE18D /* Ionicons.ttf */ = {isa = PBXFileReference; name = "Ionicons.ttf"; path = "../node_modules/react-native-vector-icons/Fonts/Ionicons.ttf"; sourceTree = "<group>"; fileEncoding = undefined; lastKnownFileType = unknown; explicitFileType = undefined; includeInIndex = 0; };
		4C171CD4F20A4F01A9A2121E /* MaterialCommunityIcons.ttf */ = {isa = PBXFileReference; name = "MaterialCommunityIcons.ttf"; path = "../node_modules/react-native-vector-icons/Fonts/MaterialCommunityIcons.ttf"; sourceTree = "<group>"; fileEncoding = undefined; lastKnownFileType = unknown; explicitFileType = undefined; includeInIndex = 0; };
		560E0F249E51477D8E09F678 /* MaterialIcons.ttf */ = {isa = PBXFileReference; name = "MaterialIcons.ttf"; path = "../node_modules/react-native-vector-icons/Fonts/MaterialIcons.ttf"; sourceTree = "<group>"; fileEncoding = undefined; lastKnownFileType = unknown; explicitFileType = undefined; includeInIndex = 0; };
		D783F0308BE042E2A4206E87 /* Octicons.ttf */ = {isa = PBXFileReference; name = "Octicons.ttf"; path = "../node_modules/react-native-vector-icons/Fonts/Octicons.ttf"; sourceTree = "<group>"; fileEncoding = undefined; lastKnownFileType = unknown; explicitFileType = undefined; includeInIndex = 0; };
		A1F3702774CA490782197828 /* SimpleLineIcons.ttf */ = {isa = PBXFileReference; name = "SimpleLineIcons.ttf"; path = "../node_modules/react-native-vector-icons/Fonts/SimpleLineIcons.ttf"; sourceTree = "<group>"; fileEncoding = undefined; lastKnownFileType = unknown; explicitFileType = undefined; includeInIndex = 0; };
		68FE3E151BF54077A9C1BEB3 /* Zocial.ttf */ = {isa = PBXFileReference; name = "Zocial.ttf"; path = "../node_modules/react-native-vector-icons/Fonts/Zocial.ttf"; sourceTree = "<group>"; fileEncoding = undefined; lastKnownFileType = unknown; explicitFileType = undefined; includeInIndex = 0; };
		5A38B5501FB9429EB9819AB3 /* FiraSans-Black.ttf */ = {isa = PBXFileReference; name = "FiraSans-Black.ttf"; path = "../assets/fonts/FiraSans-Black.ttf"; sourceTree = "<group>"; fileEncoding = undefined; lastKnownFileType = unknown; explicitFileType = undefined; includeInIndex = 0; };
		1625010DAF8E448EB7DF8A60 /* FiraSans-BlackItalic.ttf */ = {isa = PBXFileReference; name = "FiraSans-BlackItalic.ttf"; path = "../assets/fonts/FiraSans-BlackItalic.ttf"; sourceTree = "<group>"; fileEncoding = undefined; lastKnownFileType = unknown; explicitFileType = undefined; includeInIndex = 0; };
		F0424145AD124323B79F9DF0 /* FiraSans-Bold.ttf */ = {isa = PBXFileReference; name = "FiraSans-Bold.ttf"; path = "../assets/fonts/FiraSans-Bold.ttf"; sourceTree = "<group>"; fileEncoding = undefined; lastKnownFileType = unknown; explicitFileType = undefined; includeInIndex = 0; };
		36A531FAF2504F22A8721F4A /* FiraSans-BoldItalic.ttf */ = {isa = PBXFileReference; name = "FiraSans-BoldItalic.ttf"; path = "../assets/fonts/FiraSans-BoldItalic.ttf"; sourceTree = "<group>"; fileEncoding = undefined; lastKnownFileType = unknown; explicitFileType = undefined; includeInIndex = 0; };
		158D5E383A894475A53E26A6 /* FiraSans-ExtraBold.ttf */ = {isa = PBXFileReference; name = "FiraSans-ExtraBold.ttf"; path = "../assets/fonts/FiraSans-ExtraBold.ttf"; sourceTree = "<group>"; fileEncoding = undefined; lastKnownFileType = unknown; explicitFileType = undefined; includeInIndex = 0; };
		E87C8CB286F2405CBBA77BFA /* FiraSans-ExtraBoldItalic.ttf */ = {isa = PBXFileReference; name = "FiraSans-ExtraBoldItalic.ttf"; path = "../assets/fonts/FiraSans-ExtraBoldItalic.ttf"; sourceTree = "<group>"; fileEncoding = undefined; lastKnownFileType = unknown; explicitFileType = undefined; includeInIndex = 0; };
		1495AE342F5D4AB493D26191 /* FiraSans-ExtraLight.ttf */ = {isa = PBXFileReference; name = "FiraSans-ExtraLight.ttf"; path = "../assets/fonts/FiraSans-ExtraLight.ttf"; sourceTree = "<group>"; fileEncoding = undefined; lastKnownFileType = unknown; explicitFileType = undefined; includeInIndex = 0; };
		3315B70FE8C8458FBB332C28 /* FiraSans-ExtraLightItalic.ttf */ = {isa = PBXFileReference; name = "FiraSans-ExtraLightItalic.ttf"; path = "../assets/fonts/FiraSans-ExtraLightItalic.ttf"; sourceTree = "<group>"; fileEncoding = undefined; lastKnownFileType = unknown; explicitFileType = undefined; includeInIndex = 0; };
		53523999C962491BAB39C4CD /* FiraSans-Italic.ttf */ = {isa = PBXFileReference; name = "FiraSans-Italic.ttf"; path = "../assets/fonts/FiraSans-Italic.ttf"; sourceTree = "<group>"; fileEncoding = undefined; lastKnownFileType = unknown; explicitFileType = undefined; includeInIndex = 0; };
		14E0940C826D42B2950F3F18 /* FiraSans-Light.ttf */ = {isa = PBXFileReference; name = "FiraSans-Light.ttf"; path = "../assets/fonts/FiraSans-Light.ttf"; sourceTree = "<group>"; fileEncoding = undefined; lastKnownFileType = unknown; explicitFileType = undefined; includeInIndex = 0; };
		1CF16C38CD8F4F5A8D1F0BEC /* FiraSans-LightItalic.ttf */ = {isa = PBXFileReference; name = "FiraSans-LightItalic.ttf"; path = "../assets/fonts/FiraSans-LightItalic.ttf"; sourceTree = "<group>"; fileEncoding = undefined; lastKnownFileType = unknown; explicitFileType = undefined; includeInIndex = 0; };
		2F0A9B13AD554AB8B24F9210 /* FiraSans-Medium.ttf */ = {isa = PBXFileReference; name = "FiraSans-Medium.ttf"; path = "../assets/fonts/FiraSans-Medium.ttf"; sourceTree = "<group>"; fileEncoding = undefined; lastKnownFileType = unknown; explicitFileType = undefined; includeInIndex = 0; };
		4A6539603D2F4B7D9D065A3A /* FiraSans-MediumItalic.ttf */ = {isa = PBXFileReference; name = "FiraSans-MediumItalic.ttf"; path = "../assets/fonts/FiraSans-MediumItalic.ttf"; sourceTree = "<group>"; fileEncoding = undefined; lastKnownFileType = unknown; explicitFileType = undefined; includeInIndex = 0; };
		DABDFA5FEBBC4ABF8DABF1E2 /* FiraSans-Regular.ttf */ = {isa = PBXFileReference; name = "FiraSans-Regular.ttf"; path = "../assets/fonts/FiraSans-Regular.ttf"; sourceTree = "<group>"; fileEncoding = undefined; lastKnownFileType = unknown; explicitFileType = undefined; includeInIndex = 0; };
		D1B6AA58D1DC4DCD85172243 /* FiraSans-SemiBold.ttf */ = {isa = PBXFileReference; name = "FiraSans-SemiBold.ttf"; path = "../assets/fonts/FiraSans-SemiBold.ttf"; sourceTree = "<group>"; fileEncoding = undefined; lastKnownFileType = unknown; explicitFileType = undefined; includeInIndex = 0; };
		DB95920C308B4592A138BCDF /* FiraSans-SemiBoldItalic.ttf */ = {isa = PBXFileReference; name = "FiraSans-SemiBoldItalic.ttf"; path = "../assets/fonts/FiraSans-SemiBoldItalic.ttf"; sourceTree = "<group>"; fileEncoding = undefined; lastKnownFileType = unknown; explicitFileType = undefined; includeInIndex = 0; };
		1545110941994EC289EAE15F /* FiraSans-Thin.ttf */ = {isa = PBXFileReference; name = "FiraSans-Thin.ttf"; path = "../assets/fonts/FiraSans-Thin.ttf"; sourceTree = "<group>"; fileEncoding = undefined; lastKnownFileType = unknown; explicitFileType = undefined; includeInIndex = 0; };
		F36100CA42284E76BDE997D0 /* FiraSans-ThinItalic.ttf */ = {isa = PBXFileReference; name = "FiraSans-ThinItalic.ttf"; path = "../assets/fonts/FiraSans-ThinItalic.ttf"; sourceTree = "<group>"; fileEncoding = undefined; lastKnownFileType = unknown; explicitFileType = undefined; includeInIndex = 0; };
/* End PBXFileReference section */

/* Begin PBXFrameworksBuildPhase section */
		00E356EB1AD99517003FC87E /* Frameworks */ = {
			isa = PBXFrameworksBuildPhase;
			buildActionMask = 2147483647;
			files = (
			);
			runOnlyForDeploymentPostprocessing = 0;
		};
		13B07F8C1A680F5B00A75B9A /* Frameworks */ = {
			isa = PBXFrameworksBuildPhase;
			buildActionMask = 2147483647;
			files = (
			);
			runOnlyForDeploymentPostprocessing = 0;
		};
		2D02E4781E0B4A5D006451C7 /* Frameworks */ = {
			isa = PBXFrameworksBuildPhase;
			buildActionMask = 2147483647;
			files = (
			);
			runOnlyForDeploymentPostprocessing = 0;
		};
		2D02E48D1E0B4A5D006451C7 /* Frameworks */ = {
			isa = PBXFrameworksBuildPhase;
			buildActionMask = 2147483647;
			files = (
			);
			runOnlyForDeploymentPostprocessing = 0;
		};
/* End PBXFrameworksBuildPhase section */

/* Begin PBXGroup section */
		00E356EF1AD99517003FC87E /* samiaidTests */ = {
			isa = PBXGroup;
			children = (
				00E356F21AD99517003FC87E /* samiaidTests.m */,
				00E356F01AD99517003FC87E /* Supporting Files */,
			);
			path = samiaidTests;
			sourceTree = "<group>";
		};
		00E356F01AD99517003FC87E /* Supporting Files */ = {
			isa = PBXGroup;
			children = (
				00E356F11AD99517003FC87E /* Info.plist */,
			);
			name = "Supporting Files";
			sourceTree = "<group>";
		};
		13B07FAE1A68108700A75B9A /* samiaid */ = {
			isa = PBXGroup;
			children = (
				008F07F21AC5B25A0029DE68 /* main.jsbundle */,
				13B07FAF1A68108700A75B9A /* AppDelegate.h */,
				13B07FB01A68108700A75B9A /* AppDelegate.m */,
				13B07FB51A68108700A75B9A /* Images.xcassets */,
				13B07FB61A68108700A75B9A /* Info.plist */,
				81AB9BB72411601600AC10FF /* LaunchScreen.storyboard */,
				13B07FB71A68108700A75B9A /* main.m */,
			);
			name = samiaid;
			sourceTree = "<group>";
		};
		2D16E6871FA4F8E400B85C8A /* Frameworks */ = {
			isa = PBXGroup;
			children = (
				ED297162215061F000B7C4FE /* JavaScriptCore.framework */,
				ED2971642150620600B7C4FE /* JavaScriptCore.framework */,
			);
			name = Frameworks;
			sourceTree = "<group>";
		};
		832341AE1AAA6A7D00B99B32 /* Libraries */ = {
			isa = PBXGroup;
			children = (
			);
			name = Libraries;
			sourceTree = "<group>";
		};
		83CBB9F61A601CBA00E9B192 = {
			isa = PBXGroup;
			children = (
				13B07FAE1A68108700A75B9A /* samiaid */,
				832341AE1AAA6A7D00B99B32 /* Libraries */,
				00E356EF1AD99517003FC87E /* samiaidTests */,
				83CBBA001A601CBA00E9B192 /* Products */,
				2D16E6871FA4F8E400B85C8A /* Frameworks */,
				16E4AACCAB36408FAE07D235 /* Resources */,
			);
			indentWidth = 2;
			sourceTree = "<group>";
			tabWidth = 2;
			usesTabs = 0;
		};
		83CBBA001A601CBA00E9B192 /* Products */ = {
			isa = PBXGroup;
			children = (
				13B07F961A680F5B00A75B9A /* samiaid.app */,
				00E356EE1AD99517003FC87E /* samiaidTests.xctest */,
				2D02E47B1E0B4A5D006451C7 /* samiaid-tvOS.app */,
				2D02E4901E0B4A5D006451C7 /* samiaid-tvOSTests.xctest */,
			);
			name = Products;
			sourceTree = "<group>";
		};
		16E4AACCAB36408FAE07D235 /* Resources */ = {
			isa = "PBXGroup";
			children = (
				EB7404AC476D4079BBB30360 /* OpenSans-Bold.ttf */,
				C61E8826259F49F8BC410540 /* OpenSans-BoldItalic.ttf */,
				47843C1BD18545C0A0E14666 /* OpenSans-ExtraBold.ttf */,
				5304A829DF814DC1A4AA4D15 /* OpenSans-ExtraBoldItalic.ttf */,
				CA526B1683C94A24AFC43311 /* OpenSans-Italic.ttf */,
				D09DA517CA114ECEB17F95C4 /* OpenSans-Light.ttf */,
				A1188909406045A38FB4C3FC /* OpenSans-LightItalic.ttf */,
				EC8D889F5E9D42C6856982FF /* OpenSans-Regular.ttf */,
				7E5E978BEE1548BE87006F8E /* OpenSans-Semibold.ttf */,
				1675DEF4633E41E38C7A403E /* OpenSans-SemiboldItalic.ttf */,
				2B2B379A736246388B4BB02B /* AntDesign.ttf */,
				B911C6BF01E7420F94A166C0 /* Entypo.ttf */,
				E2B2BAAAD4184A818A73CC1F /* EvilIcons.ttf */,
				B3D29AEE786B4CA7B507847D /* Feather.ttf */,
				7F566902358A4F78B6B52A10 /* FontAwesome.ttf */,
				8C59D5D743564B96BB394DFB /* FontAwesome5_Brands.ttf */,
				792B7DFEED7B4A3BB25489E3 /* FontAwesome5_Regular.ttf */,
				28FA49DC5C55419CB7469842 /* FontAwesome5_Solid.ttf */,
				0BDEFAA016EB4918A1711977 /* Fontisto.ttf */,
				7DD3598DBDE846CA8B012DD1 /* Foundation.ttf */,
				DCAD0D727F2949B5BFCDE18D /* Ionicons.ttf */,
				4C171CD4F20A4F01A9A2121E /* MaterialCommunityIcons.ttf */,
				560E0F249E51477D8E09F678 /* MaterialIcons.ttf */,
				D783F0308BE042E2A4206E87 /* Octicons.ttf */,
				A1F3702774CA490782197828 /* SimpleLineIcons.ttf */,
				68FE3E151BF54077A9C1BEB3 /* Zocial.ttf */,
				5A38B5501FB9429EB9819AB3 /* FiraSans-Black.ttf */,
				1625010DAF8E448EB7DF8A60 /* FiraSans-BlackItalic.ttf */,
				F0424145AD124323B79F9DF0 /* FiraSans-Bold.ttf */,
				36A531FAF2504F22A8721F4A /* FiraSans-BoldItalic.ttf */,
				158D5E383A894475A53E26A6 /* FiraSans-ExtraBold.ttf */,
				E87C8CB286F2405CBBA77BFA /* FiraSans-ExtraBoldItalic.ttf */,
				1495AE342F5D4AB493D26191 /* FiraSans-ExtraLight.ttf */,
				3315B70FE8C8458FBB332C28 /* FiraSans-ExtraLightItalic.ttf */,
				53523999C962491BAB39C4CD /* FiraSans-Italic.ttf */,
				14E0940C826D42B2950F3F18 /* FiraSans-Light.ttf */,
				1CF16C38CD8F4F5A8D1F0BEC /* FiraSans-LightItalic.ttf */,
				2F0A9B13AD554AB8B24F9210 /* FiraSans-Medium.ttf */,
				4A6539603D2F4B7D9D065A3A /* FiraSans-MediumItalic.ttf */,
				DABDFA5FEBBC4ABF8DABF1E2 /* FiraSans-Regular.ttf */,
				D1B6AA58D1DC4DCD85172243 /* FiraSans-SemiBold.ttf */,
				DB95920C308B4592A138BCDF /* FiraSans-SemiBoldItalic.ttf */,
				1545110941994EC289EAE15F /* FiraSans-Thin.ttf */,
				F36100CA42284E76BDE997D0 /* FiraSans-ThinItalic.ttf */,
			);
			name = Resources;
			sourceTree = "<group>";
			path = "";
		};
/* End PBXGroup section */

/* Begin PBXNativeTarget section */
		00E356ED1AD99517003FC87E /* samiaidTests */ = {
			isa = PBXNativeTarget;
			buildConfigurationList = 00E357021AD99517003FC87E /* Build configuration list for PBXNativeTarget "samiaidTests" */;
			buildPhases = (
				00E356EA1AD99517003FC87E /* Sources */,
				00E356EB1AD99517003FC87E /* Frameworks */,
				00E356EC1AD99517003FC87E /* Resources */,
			);
			buildRules = (
			);
			dependencies = (
				00E356F51AD99517003FC87E /* PBXTargetDependency */,
			);
			name = samiaidTests;
			productName = samiaidTests;
			productReference = 00E356EE1AD99517003FC87E /* samiaidTests.xctest */;
			productType = "com.apple.product-type.bundle.unit-test";
		};
		13B07F861A680F5B00A75B9A /* samiaid */ = {
			isa = PBXNativeTarget;
			buildConfigurationList = 13B07F931A680F5B00A75B9A /* Build configuration list for PBXNativeTarget "samiaid" */;
			buildPhases = (
				FD10A7F022414F080027D42C /* Start Packager */,
				13B07F871A680F5B00A75B9A /* Sources */,
				13B07F8C1A680F5B00A75B9A /* Frameworks */,
				13B07F8E1A680F5B00A75B9A /* Resources */,
				00DD1BFF1BD5951E006B06BC /* Bundle React Native code and images */,
			);
			buildRules = (
			);
			dependencies = (
			);
			name = samiaid;
			productName = samiaid;
			productReference = 13B07F961A680F5B00A75B9A /* samiaid.app */;
			productType = "com.apple.product-type.application";
		};
		2D02E47A1E0B4A5D006451C7 /* samiaid-tvOS */ = {
			isa = PBXNativeTarget;
			buildConfigurationList = 2D02E4BA1E0B4A5E006451C7 /* Build configuration list for PBXNativeTarget "samiaid-tvOS" */;
			buildPhases = (
				FD10A7F122414F3F0027D42C /* Start Packager */,
				2D02E4771E0B4A5D006451C7 /* Sources */,
				2D02E4781E0B4A5D006451C7 /* Frameworks */,
				2D02E4791E0B4A5D006451C7 /* Resources */,
				2D02E4CB1E0B4B27006451C7 /* Bundle React Native Code And Images */,
			);
			buildRules = (
			);
			dependencies = (
			);
			name = "samiaid-tvOS";
			productName = "samiaid-tvOS";
			productReference = 2D02E47B1E0B4A5D006451C7 /* samiaid-tvOS.app */;
			productType = "com.apple.product-type.application";
		};
		2D02E48F1E0B4A5D006451C7 /* samiaid-tvOSTests */ = {
			isa = PBXNativeTarget;
			buildConfigurationList = 2D02E4BB1E0B4A5E006451C7 /* Build configuration list for PBXNativeTarget "samiaid-tvOSTests" */;
			buildPhases = (
				2D02E48C1E0B4A5D006451C7 /* Sources */,
				2D02E48D1E0B4A5D006451C7 /* Frameworks */,
				2D02E48E1E0B4A5D006451C7 /* Resources */,
			);
			buildRules = (
			);
			dependencies = (
				2D02E4921E0B4A5D006451C7 /* PBXTargetDependency */,
			);
			name = "samiaid-tvOSTests";
			productName = "samiaid-tvOSTests";
			productReference = 2D02E4901E0B4A5D006451C7 /* samiaid-tvOSTests.xctest */;
			productType = "com.apple.product-type.bundle.unit-test";
		};
/* End PBXNativeTarget section */

/* Begin PBXProject section */
		83CBB9F71A601CBA00E9B192 /* Project object */ = {
			isa = PBXProject;
			attributes = {
				LastUpgradeCheck = 1130;
				TargetAttributes = {
					00E356ED1AD99517003FC87E = {
						CreatedOnToolsVersion = 6.2;
						TestTargetID = 13B07F861A680F5B00A75B9A;
					};
					13B07F861A680F5B00A75B9A = {
						LastSwiftMigration = 1120;
					};
					2D02E47A1E0B4A5D006451C7 = {
						CreatedOnToolsVersion = 8.2.1;
						ProvisioningStyle = Automatic;
					};
					2D02E48F1E0B4A5D006451C7 = {
						CreatedOnToolsVersion = 8.2.1;
						ProvisioningStyle = Automatic;
						TestTargetID = 2D02E47A1E0B4A5D006451C7;
					};
				};
			};
			buildConfigurationList = 83CBB9FA1A601CBA00E9B192 /* Build configuration list for PBXProject "samiaid" */;
			compatibilityVersion = "Xcode 3.2";
			developmentRegion = en;
			hasScannedForEncodings = 0;
			knownRegions = (
				en,
				Base,
			);
			mainGroup = 83CBB9F61A601CBA00E9B192;
			productRefGroup = 83CBBA001A601CBA00E9B192 /* Products */;
			projectDirPath = "";
			projectRoot = "";
			targets = (
				13B07F861A680F5B00A75B9A /* samiaid */,
				00E356ED1AD99517003FC87E /* samiaidTests */,
				2D02E47A1E0B4A5D006451C7 /* samiaid-tvOS */,
				2D02E48F1E0B4A5D006451C7 /* samiaid-tvOSTests */,
			);
		};
/* End PBXProject section */

/* Begin PBXResourcesBuildPhase section */
		00E356EC1AD99517003FC87E /* Resources */ = {
			isa = PBXResourcesBuildPhase;
			buildActionMask = 2147483647;
			files = (
			);
			runOnlyForDeploymentPostprocessing = 0;
		};
		13B07F8E1A680F5B00A75B9A /* Resources */ = {
			isa = PBXResourcesBuildPhase;
			buildActionMask = 2147483647;
			files = (
				81AB9BB82411601600AC10FF /* LaunchScreen.storyboard in Resources */,
				13B07FBF1A68108700A75B9A /* Images.xcassets in Resources */,
				2F7A5637A3384562BFAD950B /* OpenSans-Bold.ttf in Resources */,
				3CB0FCDDF41E4111A06184B5 /* OpenSans-BoldItalic.ttf in Resources */,
				78DF593484784DF79C67968E /* OpenSans-ExtraBold.ttf in Resources */,
				18C112F932114FA89A98D691 /* OpenSans-ExtraBoldItalic.ttf in Resources */,
				B1DBE2D4B9F34CFB98AC8B61 /* OpenSans-Italic.ttf in Resources */,
				75D7FA37B40848AD99E1F4D7 /* OpenSans-Light.ttf in Resources */,
				890DAA65AE244E9F805F9BDD /* OpenSans-LightItalic.ttf in Resources */,
				30599BB5A4984BFB8D3E1901 /* OpenSans-Regular.ttf in Resources */,
				780EE8891B5B4A199077DF20 /* OpenSans-Semibold.ttf in Resources */,
				A748F2B3E75A430588006F94 /* OpenSans-SemiboldItalic.ttf in Resources */,
				6B80345E82494E7ABB0712E5 /* AntDesign.ttf in Resources */,
				C80CBF81FF8F4DEB884D87C7 /* Entypo.ttf in Resources */,
				460F2F5E6954477C9372438D /* EvilIcons.ttf in Resources */,
				479D6697FA2048D1B2CB0A9D /* Feather.ttf in Resources */,
				D23B462064C441C190CED939 /* FontAwesome.ttf in Resources */,
				FC325147FA9C41E48DF19794 /* FontAwesome5_Brands.ttf in Resources */,
				DCC733FA4C7B42E3A9FF7172 /* FontAwesome5_Regular.ttf in Resources */,
				6C34CB0069F646A3AF6991D2 /* FontAwesome5_Solid.ttf in Resources */,
				C65F4068F87C44CF874F2D4C /* Fontisto.ttf in Resources */,
				82150371E3F344279818FEBF /* Foundation.ttf in Resources */,
				8E9CC9F4D8FA4095B8B17DF2 /* Ionicons.ttf in Resources */,
				5A8F48F41B3B4FACA6E2D9A9 /* MaterialCommunityIcons.ttf in Resources */,
				99D9B8C250884503A6A1C7AA /* MaterialIcons.ttf in Resources */,
				397C8C2C3C0C4BDC9CD7339B /* Octicons.ttf in Resources */,
				F1BAB0A161754222B76E3E7C /* SimpleLineIcons.ttf in Resources */,
				81BF14531A324BB18F41C04F /* Zocial.ttf in Resources */,
				A9077744603E4848995AEC3B /* FiraSans-Black.ttf in Resources */,
				21796324DFB846548AB62531 /* FiraSans-BlackItalic.ttf in Resources */,
				22ABE554CC2E4628B043D5DA /* FiraSans-Bold.ttf in Resources */,
				3D98AB18170248A3A0BD4CEC /* FiraSans-BoldItalic.ttf in Resources */,
				F40E95E4FCDE468FBA382B85 /* FiraSans-ExtraBold.ttf in Resources */,
				6503B880F7884F8D82F40E4B /* FiraSans-ExtraBoldItalic.ttf in Resources */,
				0A160900980C4CCD98EE92DC /* FiraSans-ExtraLight.ttf in Resources */,
				170B911188EF456D8C406C75 /* FiraSans-ExtraLightItalic.ttf in Resources */,
				0D89933C65D840168B667601 /* FiraSans-Italic.ttf in Resources */,
				93E1E15C19104940B8342E86 /* FiraSans-Light.ttf in Resources */,
				585B8D6BA7944351B2DA753B /* FiraSans-LightItalic.ttf in Resources */,
				15083C47EAE345E1BCCD996B /* FiraSans-Medium.ttf in Resources */,
				F17848B57C11436BB967775B /* FiraSans-MediumItalic.ttf in Resources */,
				C68340CEA63049C1BCE46EC9 /* FiraSans-Regular.ttf in Resources */,
				650CB6A3AF2749C5832F6AA0 /* FiraSans-SemiBold.ttf in Resources */,
				14E0039EA4374CC296C8DA81 /* FiraSans-SemiBoldItalic.ttf in Resources */,
				B11D9F6F7FDC449793DEDA7E /* FiraSans-Thin.ttf in Resources */,
				4082EC70B10646C7B277D6EF /* FiraSans-ThinItalic.ttf in Resources */,
			);
			runOnlyForDeploymentPostprocessing = 0;
		};
		2D02E4791E0B4A5D006451C7 /* Resources */ = {
			isa = PBXResourcesBuildPhase;
			buildActionMask = 2147483647;
			files = (
				2D02E4BD1E0B4A84006451C7 /* Images.xcassets in Resources */,
			);
			runOnlyForDeploymentPostprocessing = 0;
		};
		2D02E48E1E0B4A5D006451C7 /* Resources */ = {
			isa = PBXResourcesBuildPhase;
			buildActionMask = 2147483647;
			files = (
			);
			runOnlyForDeploymentPostprocessing = 0;
		};
/* End PBXResourcesBuildPhase section */

/* Begin PBXShellScriptBuildPhase section */
		00DD1BFF1BD5951E006B06BC /* Bundle React Native code and images */ = {
			isa = PBXShellScriptBuildPhase;
			buildActionMask = 2147483647;
			files = (
			);
			inputPaths = (
			);
			name = "Bundle React Native code and images";
			outputPaths = (
			);
			runOnlyForDeploymentPostprocessing = 0;
			shellPath = /bin/sh;
			shellScript = "export NODE_BINARY=node\n../node_modules/react-native/scripts/react-native-xcode.sh";
		};
		2D02E4CB1E0B4B27006451C7 /* Bundle React Native Code And Images */ = {
			isa = PBXShellScriptBuildPhase;
			buildActionMask = 2147483647;
			files = (
			);
			inputPaths = (
			);
			name = "Bundle React Native Code And Images";
			outputPaths = (
			);
			runOnlyForDeploymentPostprocessing = 0;
			shellPath = /bin/sh;
			shellScript = "export NODE_BINARY=node\n../node_modules/react-native/scripts/react-native-xcode.sh";
		};
		FD10A7F022414F080027D42C /* Start Packager */ = {
			isa = PBXShellScriptBuildPhase;
			buildActionMask = 2147483647;
			files = (
			);
			inputFileListPaths = (
			);
			inputPaths = (
			);
			name = "Start Packager";
			outputFileListPaths = (
			);
			outputPaths = (
			);
			runOnlyForDeploymentPostprocessing = 0;
			shellPath = /bin/sh;
			shellScript = "export RCT_METRO_PORT=\"${RCT_METRO_PORT:=8081}\"\necho \"export RCT_METRO_PORT=${RCT_METRO_PORT}\" > \"${SRCROOT}/../node_modules/react-native/scripts/.packager.env\"\nif [ -z \"${RCT_NO_LAUNCH_PACKAGER+xxx}\" ] ; then\n  if nc -w 5 -z localhost ${RCT_METRO_PORT} ; then\n    if ! curl -s \"http://localhost:${RCT_METRO_PORT}/status\" | grep -q \"packager-status:running\" ; then\n      echo \"Port ${RCT_METRO_PORT} already in use, packager is either not running or not running correctly\"\n      exit 2\n    fi\n  else\n    open \"$SRCROOT/../node_modules/react-native/scripts/launchPackager.command\" || echo \"Can't start packager automatically\"\n  fi\nfi\n";
			showEnvVarsInLog = 0;
		};
		FD10A7F122414F3F0027D42C /* Start Packager */ = {
			isa = PBXShellScriptBuildPhase;
			buildActionMask = 2147483647;
			files = (
			);
			inputFileListPaths = (
			);
			inputPaths = (
			);
			name = "Start Packager";
			outputFileListPaths = (
			);
			outputPaths = (
			);
			runOnlyForDeploymentPostprocessing = 0;
			shellPath = /bin/sh;
			shellScript = "export RCT_METRO_PORT=\"${RCT_METRO_PORT:=8081}\"\necho \"export RCT_METRO_PORT=${RCT_METRO_PORT}\" > \"${SRCROOT}/../node_modules/react-native/scripts/.packager.env\"\nif [ -z \"${RCT_NO_LAUNCH_PACKAGER+xxx}\" ] ; then\n  if nc -w 5 -z localhost ${RCT_METRO_PORT} ; then\n    if ! curl -s \"http://localhost:${RCT_METRO_PORT}/status\" | grep -q \"packager-status:running\" ; then\n      echo \"Port ${RCT_METRO_PORT} already in use, packager is either not running or not running correctly\"\n      exit 2\n    fi\n  else\n    open \"$SRCROOT/../node_modules/react-native/scripts/launchPackager.command\" || echo \"Can't start packager automatically\"\n  fi\nfi\n";
			showEnvVarsInLog = 0;
		};
/* End PBXShellScriptBuildPhase section */

/* Begin PBXSourcesBuildPhase section */
		00E356EA1AD99517003FC87E /* Sources */ = {
			isa = PBXSourcesBuildPhase;
			buildActionMask = 2147483647;
			files = (
				00E356F31AD99517003FC87E /* samiaidTests.m in Sources */,
			);
			runOnlyForDeploymentPostprocessing = 0;
		};
		13B07F871A680F5B00A75B9A /* Sources */ = {
			isa = PBXSourcesBuildPhase;
			buildActionMask = 2147483647;
			files = (
				13B07FBC1A68108700A75B9A /* AppDelegate.m in Sources */,
				13B07FC11A68108700A75B9A /* main.m in Sources */,
			);
			runOnlyForDeploymentPostprocessing = 0;
		};
		2D02E4771E0B4A5D006451C7 /* Sources */ = {
			isa = PBXSourcesBuildPhase;
			buildActionMask = 2147483647;
			files = (
				2D02E4BF1E0B4AB3006451C7 /* main.m in Sources */,
				2D02E4BC1E0B4A80006451C7 /* AppDelegate.m in Sources */,
			);
			runOnlyForDeploymentPostprocessing = 0;
		};
		2D02E48C1E0B4A5D006451C7 /* Sources */ = {
			isa = PBXSourcesBuildPhase;
			buildActionMask = 2147483647;
			files = (
				2DCD954D1E0B4F2C00145EB5 /* samiaidTests.m in Sources */,
			);
			runOnlyForDeploymentPostprocessing = 0;
		};
/* End PBXSourcesBuildPhase section */

/* Begin PBXTargetDependency section */
		00E356F51AD99517003FC87E /* PBXTargetDependency */ = {
			isa = PBXTargetDependency;
			target = 13B07F861A680F5B00A75B9A /* samiaid */;
			targetProxy = 00E356F41AD99517003FC87E /* PBXContainerItemProxy */;
		};
		2D02E4921E0B4A5D006451C7 /* PBXTargetDependency */ = {
			isa = PBXTargetDependency;
			target = 2D02E47A1E0B4A5D006451C7 /* samiaid-tvOS */;
			targetProxy = 2D02E4911E0B4A5D006451C7 /* PBXContainerItemProxy */;
		};
/* End PBXTargetDependency section */

/* Begin XCBuildConfiguration section */
		00E356F61AD99517003FC87E /* Debug */ = {
			isa = XCBuildConfiguration;
			buildSettings = {
				BUNDLE_LOADER = "$(TEST_HOST)";
				GCC_PREPROCESSOR_DEFINITIONS = (
					"DEBUG=1",
					"$(inherited)",
				);
				INFOPLIST_FILE = samiaidTests/Info.plist;
				IPHONEOS_DEPLOYMENT_TARGET = 10.0;
				LD_RUNPATH_SEARCH_PATHS = "$(inherited) @executable_path/Frameworks @loader_path/Frameworks";
				OTHER_LDFLAGS = (
					"-ObjC",
					"-lc++",
					"$(inherited)",
				);
				PRODUCT_BUNDLE_IDENTIFIER = "org.reactjs.native.example.$(PRODUCT_NAME:rfc1034identifier)";
				PRODUCT_NAME = "$(TARGET_NAME)";
				TEST_HOST = "$(BUILT_PRODUCTS_DIR)/samiaid.app/samiaid";
			};
			name = Debug;
		};
		00E356F71AD99517003FC87E /* Release */ = {
			isa = XCBuildConfiguration;
			buildSettings = {
				BUNDLE_LOADER = "$(TEST_HOST)";
				COPY_PHASE_STRIP = NO;
				INFOPLIST_FILE = samiaidTests/Info.plist;
				IPHONEOS_DEPLOYMENT_TARGET = 10.0;
				LD_RUNPATH_SEARCH_PATHS = "$(inherited) @executable_path/Frameworks @loader_path/Frameworks";
				OTHER_LDFLAGS = (
					"-ObjC",
					"-lc++",
					"$(inherited)",
				);
				PRODUCT_BUNDLE_IDENTIFIER = "org.reactjs.native.example.$(PRODUCT_NAME:rfc1034identifier)";
				PRODUCT_NAME = "$(TARGET_NAME)";
				TEST_HOST = "$(BUILT_PRODUCTS_DIR)/samiaid.app/samiaid";
			};
			name = Release;
		};
		13B07F941A680F5B00A75B9A /* Debug */ = {
			isa = XCBuildConfiguration;
			buildSettings = {
				ASSETCATALOG_COMPILER_APPICON_NAME = AppIcon;
				CLANG_ENABLE_MODULES = YES;
				CURRENT_PROJECT_VERSION = 1;
				ENABLE_BITCODE = NO;
				INFOPLIST_FILE = samiaid/Info.plist;
				LD_RUNPATH_SEARCH_PATHS = "$(inherited) @executable_path/Frameworks";
				OTHER_LDFLAGS = (
					"$(inherited)",
					"-ObjC",
					"-lc++",
				);
				PRODUCT_BUNDLE_IDENTIFIER = "org.reactjs.native.example.$(PRODUCT_NAME:rfc1034identifier)";
				PRODUCT_NAME = samiaid;
				SWIFT_OPTIMIZATION_LEVEL = "-Onone";
				SWIFT_VERSION = 5.0;
				VERSIONING_SYSTEM = "apple-generic";
			};
			name = Debug;
		};
		13B07F951A680F5B00A75B9A /* Release */ = {
			isa = XCBuildConfiguration;
			buildSettings = {
				ASSETCATALOG_COMPILER_APPICON_NAME = AppIcon;
				CLANG_ENABLE_MODULES = YES;
				CURRENT_PROJECT_VERSION = 1;
				INFOPLIST_FILE = samiaid/Info.plist;
				LD_RUNPATH_SEARCH_PATHS = "$(inherited) @executable_path/Frameworks";
				OTHER_LDFLAGS = (
					"$(inherited)",
					"-ObjC",
					"-lc++",
				);
				PRODUCT_BUNDLE_IDENTIFIER = "org.reactjs.native.example.$(PRODUCT_NAME:rfc1034identifier)";
				PRODUCT_NAME = samiaid;
				SWIFT_VERSION = 5.0;
				VERSIONING_SYSTEM = "apple-generic";
			};
			name = Release;
		};
		2D02E4971E0B4A5E006451C7 /* Debug */ = {
			isa = XCBuildConfiguration;
			buildSettings = {
				ASSETCATALOG_COMPILER_APPICON_NAME = "App Icon & Top Shelf Image";
				ASSETCATALOG_COMPILER_LAUNCHIMAGE_NAME = LaunchImage;
				CLANG_ANALYZER_NONNULL = YES;
				CLANG_WARN_DOCUMENTATION_COMMENTS = YES;
				CLANG_WARN_INFINITE_RECURSION = YES;
				CLANG_WARN_SUSPICIOUS_MOVE = YES;
				DEBUG_INFORMATION_FORMAT = dwarf;
				ENABLE_TESTABILITY = YES;
				GCC_NO_COMMON_BLOCKS = YES;
				INFOPLIST_FILE = "samiaid-tvOS/Info.plist";
				LD_RUNPATH_SEARCH_PATHS = "$(inherited) @executable_path/Frameworks";
				OTHER_LDFLAGS = (
					"$(inherited)",
					"-ObjC",
					"-lc++",
				);
				PRODUCT_BUNDLE_IDENTIFIER = "org.reactjs.native.example.samiaid-tvOS";
				PRODUCT_NAME = "$(TARGET_NAME)";
				SDKROOT = appletvos;
				TARGETED_DEVICE_FAMILY = 3;
				TVOS_DEPLOYMENT_TARGET = 10.0;
			};
			name = Debug;
		};
		2D02E4981E0B4A5E006451C7 /* Release */ = {
			isa = XCBuildConfiguration;
			buildSettings = {
				ASSETCATALOG_COMPILER_APPICON_NAME = "App Icon & Top Shelf Image";
				ASSETCATALOG_COMPILER_LAUNCHIMAGE_NAME = LaunchImage;
				CLANG_ANALYZER_NONNULL = YES;
				CLANG_WARN_DOCUMENTATION_COMMENTS = YES;
				CLANG_WARN_INFINITE_RECURSION = YES;
				CLANG_WARN_SUSPICIOUS_MOVE = YES;
				COPY_PHASE_STRIP = NO;
				DEBUG_INFORMATION_FORMAT = "dwarf-with-dsym";
				GCC_NO_COMMON_BLOCKS = YES;
				INFOPLIST_FILE = "samiaid-tvOS/Info.plist";
				LD_RUNPATH_SEARCH_PATHS = "$(inherited) @executable_path/Frameworks";
				OTHER_LDFLAGS = (
					"$(inherited)",
					"-ObjC",
					"-lc++",
				);
				PRODUCT_BUNDLE_IDENTIFIER = "org.reactjs.native.example.samiaid-tvOS";
				PRODUCT_NAME = "$(TARGET_NAME)";
				SDKROOT = appletvos;
				TARGETED_DEVICE_FAMILY = 3;
				TVOS_DEPLOYMENT_TARGET = 10.0;
			};
			name = Release;
		};
		2D02E4991E0B4A5E006451C7 /* Debug */ = {
			isa = XCBuildConfiguration;
			buildSettings = {
				BUNDLE_LOADER = "$(TEST_HOST)";
				CLANG_ANALYZER_NONNULL = YES;
				CLANG_WARN_DOCUMENTATION_COMMENTS = YES;
				CLANG_WARN_INFINITE_RECURSION = YES;
				CLANG_WARN_SUSPICIOUS_MOVE = YES;
				DEBUG_INFORMATION_FORMAT = dwarf;
				ENABLE_TESTABILITY = YES;
				GCC_NO_COMMON_BLOCKS = YES;
				INFOPLIST_FILE = "samiaid-tvOSTests/Info.plist";
				LD_RUNPATH_SEARCH_PATHS = "$(inherited) @executable_path/Frameworks @loader_path/Frameworks";
				OTHER_LDFLAGS = (
					"$(inherited)",
					"-ObjC",
					"-lc++",
				);
				PRODUCT_BUNDLE_IDENTIFIER = "org.reactjs.native.example.samiaid-tvOSTests";
				PRODUCT_NAME = "$(TARGET_NAME)";
				SDKROOT = appletvos;
				TEST_HOST = "$(BUILT_PRODUCTS_DIR)/samiaid-tvOS.app/samiaid-tvOS";
				TVOS_DEPLOYMENT_TARGET = 10.1;
			};
			name = Debug;
		};
		2D02E49A1E0B4A5E006451C7 /* Release */ = {
			isa = XCBuildConfiguration;
			buildSettings = {
				BUNDLE_LOADER = "$(TEST_HOST)";
				CLANG_ANALYZER_NONNULL = YES;
				CLANG_WARN_DOCUMENTATION_COMMENTS = YES;
				CLANG_WARN_INFINITE_RECURSION = YES;
				CLANG_WARN_SUSPICIOUS_MOVE = YES;
				COPY_PHASE_STRIP = NO;
				DEBUG_INFORMATION_FORMAT = "dwarf-with-dsym";
				GCC_NO_COMMON_BLOCKS = YES;
				INFOPLIST_FILE = "samiaid-tvOSTests/Info.plist";
				LD_RUNPATH_SEARCH_PATHS = "$(inherited) @executable_path/Frameworks @loader_path/Frameworks";
				OTHER_LDFLAGS = (
					"$(inherited)",
					"-ObjC",
					"-lc++",
				);
				PRODUCT_BUNDLE_IDENTIFIER = "org.reactjs.native.example.samiaid-tvOSTests";
				PRODUCT_NAME = "$(TARGET_NAME)";
				SDKROOT = appletvos;
				TEST_HOST = "$(BUILT_PRODUCTS_DIR)/samiaid-tvOS.app/samiaid-tvOS";
				TVOS_DEPLOYMENT_TARGET = 10.1;
			};
			name = Release;
		};
		83CBBA201A601CBA00E9B192 /* Debug */ = {
			isa = XCBuildConfiguration;
			buildSettings = {
				ALWAYS_SEARCH_USER_PATHS = NO;
				CLANG_ANALYZER_LOCALIZABILITY_NONLOCALIZED = YES;
				CLANG_CXX_LANGUAGE_STANDARD = "gnu++0x";
				CLANG_CXX_LIBRARY = "libc++";
				CLANG_ENABLE_MODULES = YES;
				CLANG_ENABLE_OBJC_ARC = YES;
				CLANG_WARN_BLOCK_CAPTURE_AUTORELEASING = YES;
				CLANG_WARN_BOOL_CONVERSION = YES;
				CLANG_WARN_COMMA = YES;
				CLANG_WARN_CONSTANT_CONVERSION = YES;
				CLANG_WARN_DEPRECATED_OBJC_IMPLEMENTATIONS = YES;
				CLANG_WARN_DIRECT_OBJC_ISA_USAGE = YES_ERROR;
				CLANG_WARN_EMPTY_BODY = YES;
				CLANG_WARN_ENUM_CONVERSION = YES;
				CLANG_WARN_INFINITE_RECURSION = YES;
				CLANG_WARN_INT_CONVERSION = YES;
				CLANG_WARN_NON_LITERAL_NULL_CONVERSION = YES;
				CLANG_WARN_OBJC_IMPLICIT_RETAIN_SELF = YES;
				CLANG_WARN_OBJC_LITERAL_CONVERSION = YES;
				CLANG_WARN_OBJC_ROOT_CLASS = YES_ERROR;
				CLANG_WARN_RANGE_LOOP_ANALYSIS = YES;
				CLANG_WARN_STRICT_PROTOTYPES = YES;
				CLANG_WARN_SUSPICIOUS_MOVE = YES;
				CLANG_WARN_UNREACHABLE_CODE = YES;
				CLANG_WARN__DUPLICATE_METHOD_MATCH = YES;
				"CODE_SIGN_IDENTITY[sdk=iphoneos*]" = "iPhone Developer";
				COPY_PHASE_STRIP = NO;
				ENABLE_STRICT_OBJC_MSGSEND = YES;
				ENABLE_TESTABILITY = YES;
				GCC_C_LANGUAGE_STANDARD = gnu99;
				GCC_DYNAMIC_NO_PIC = NO;
				GCC_NO_COMMON_BLOCKS = YES;
				GCC_OPTIMIZATION_LEVEL = 0;
				GCC_PREPROCESSOR_DEFINITIONS = (
					"DEBUG=1",
					"$(inherited)",
				);
				GCC_SYMBOLS_PRIVATE_EXTERN = NO;
				GCC_WARN_64_TO_32_BIT_CONVERSION = YES;
				GCC_WARN_ABOUT_RETURN_TYPE = YES_ERROR;
				GCC_WARN_UNDECLARED_SELECTOR = YES;
				GCC_WARN_UNINITIALIZED_AUTOS = YES_AGGRESSIVE;
				GCC_WARN_UNUSED_FUNCTION = YES;
				GCC_WARN_UNUSED_VARIABLE = YES;
				IPHONEOS_DEPLOYMENT_TARGET = 10.0;
				LD_RUNPATH_SEARCH_PATHS = "/usr/lib/swift $(inherited)";
				LIBRARY_SEARCH_PATHS = (
					"\"$(TOOLCHAIN_DIR)/usr/lib/swift/$(PLATFORM_NAME)\"",
					"\"$(TOOLCHAIN_DIR)/usr/lib/swift-5.0/$(PLATFORM_NAME)\"",
					"\"$(inherited)\"",
				);
				MTL_ENABLE_DEBUG_INFO = YES;
				ONLY_ACTIVE_ARCH = YES;
				SDKROOT = iphoneos;
			};
			name = Debug;
		};
		83CBBA211A601CBA00E9B192 /* Release */ = {
			isa = XCBuildConfiguration;
			buildSettings = {
				ALWAYS_SEARCH_USER_PATHS = NO;
				CLANG_ANALYZER_LOCALIZABILITY_NONLOCALIZED = YES;
				CLANG_CXX_LANGUAGE_STANDARD = "gnu++0x";
				CLANG_CXX_LIBRARY = "libc++";
				CLANG_ENABLE_MODULES = YES;
				CLANG_ENABLE_OBJC_ARC = YES;
				CLANG_WARN_BLOCK_CAPTURE_AUTORELEASING = YES;
				CLANG_WARN_BOOL_CONVERSION = YES;
				CLANG_WARN_COMMA = YES;
				CLANG_WARN_CONSTANT_CONVERSION = YES;
				CLANG_WARN_DEPRECATED_OBJC_IMPLEMENTATIONS = YES;
				CLANG_WARN_DIRECT_OBJC_ISA_USAGE = YES_ERROR;
				CLANG_WARN_EMPTY_BODY = YES;
				CLANG_WARN_ENUM_CONVERSION = YES;
				CLANG_WARN_INFINITE_RECURSION = YES;
				CLANG_WARN_INT_CONVERSION = YES;
				CLANG_WARN_NON_LITERAL_NULL_CONVERSION = YES;
				CLANG_WARN_OBJC_IMPLICIT_RETAIN_SELF = YES;
				CLANG_WARN_OBJC_LITERAL_CONVERSION = YES;
				CLANG_WARN_OBJC_ROOT_CLASS = YES_ERROR;
				CLANG_WARN_RANGE_LOOP_ANALYSIS = YES;
				CLANG_WARN_STRICT_PROTOTYPES = YES;
				CLANG_WARN_SUSPICIOUS_MOVE = YES;
				CLANG_WARN_UNREACHABLE_CODE = YES;
				CLANG_WARN__DUPLICATE_METHOD_MATCH = YES;
				"CODE_SIGN_IDENTITY[sdk=iphoneos*]" = "iPhone Developer";
				COPY_PHASE_STRIP = YES;
				ENABLE_NS_ASSERTIONS = NO;
				ENABLE_STRICT_OBJC_MSGSEND = YES;
				GCC_C_LANGUAGE_STANDARD = gnu99;
				GCC_NO_COMMON_BLOCKS = YES;
				GCC_WARN_64_TO_32_BIT_CONVERSION = YES;
				GCC_WARN_ABOUT_RETURN_TYPE = YES_ERROR;
				GCC_WARN_UNDECLARED_SELECTOR = YES;
				GCC_WARN_UNINITIALIZED_AUTOS = YES_AGGRESSIVE;
				GCC_WARN_UNUSED_FUNCTION = YES;
				GCC_WARN_UNUSED_VARIABLE = YES;
				IPHONEOS_DEPLOYMENT_TARGET = 10.0;
				LD_RUNPATH_SEARCH_PATHS = "/usr/lib/swift $(inherited)";
				LIBRARY_SEARCH_PATHS = (
					"\"$(TOOLCHAIN_DIR)/usr/lib/swift/$(PLATFORM_NAME)\"",
					"\"$(TOOLCHAIN_DIR)/usr/lib/swift-5.0/$(PLATFORM_NAME)\"",
					"\"$(inherited)\"",
				);
				MTL_ENABLE_DEBUG_INFO = NO;
				SDKROOT = iphoneos;
				VALIDATE_PRODUCT = YES;
			};
			name = Release;
		};
/* End XCBuildConfiguration section */

/* Begin XCConfigurationList section */
		00E357021AD99517003FC87E /* Build configuration list for PBXNativeTarget "samiaidTests" */ = {
			isa = XCConfigurationList;
			buildConfigurations = (
				00E356F61AD99517003FC87E /* Debug */,
				00E356F71AD99517003FC87E /* Release */,
			);
			defaultConfigurationIsVisible = 0;
			defaultConfigurationName = Release;
		};
		13B07F931A680F5B00A75B9A /* Build configuration list for PBXNativeTarget "samiaid" */ = {
			isa = XCConfigurationList;
			buildConfigurations = (
				13B07F941A680F5B00A75B9A /* Debug */,
				13B07F951A680F5B00A75B9A /* Release */,
			);
			defaultConfigurationIsVisible = 0;
			defaultConfigurationName = Release;
		};
		2D02E4BA1E0B4A5E006451C7 /* Build configuration list for PBXNativeTarget "samiaid-tvOS" */ = {
			isa = XCConfigurationList;
			buildConfigurations = (
				2D02E4971E0B4A5E006451C7 /* Debug */,
				2D02E4981E0B4A5E006451C7 /* Release */,
			);
			defaultConfigurationIsVisible = 0;
			defaultConfigurationName = Release;
		};
		2D02E4BB1E0B4A5E006451C7 /* Build configuration list for PBXNativeTarget "samiaid-tvOSTests" */ = {
			isa = XCConfigurationList;
			buildConfigurations = (
				2D02E4991E0B4A5E006451C7 /* Debug */,
				2D02E49A1E0B4A5E006451C7 /* Release */,
			);
			defaultConfigurationIsVisible = 0;
			defaultConfigurationName = Release;
		};
		83CBB9FA1A601CBA00E9B192 /* Build configuration list for PBXProject "samiaid" */ = {
			isa = XCConfigurationList;
			buildConfigurations = (
				83CBBA201A601CBA00E9B192 /* Debug */,
				83CBBA211A601CBA00E9B192 /* Release */,
			);
			defaultConfigurationIsVisible = 0;
			defaultConfigurationName = Release;
		};
/* End XCConfigurationList section */
	};
	rootObject = 83CBB9F71A601CBA00E9B192 /* Project object */;
}
